
Microsoft Visual Studio Solution File, Format Version 12.00
# Visual Studio Version 17
VisualStudioVersion = 17.8.34601.278
MinimumVisualStudioVersion = 10.0.40219.1
Project("{FAE04EC0-301F-11D3-BF4B-00C04F79EFBC}") = "ElecticityApp", "ElecticityApp.csproj", "{F8395875-52C3-4F04-9532-40BA07F7A312}"
EndProject
Project("{2150E333-8FDC-42A3-9474-1A3956D46DE8}") = "ElectricityApp", "ElectricityApp", "{8A6CA57E-43B1-4DEE-9F35-10F92B57B866}"
	ProjectSection(SolutionItems) = preProject
		MainButtons.cs = MainButtons.cs
	EndProjectSection
EndProject
Global
	GlobalSection(SolutionConfigurationPlatforms) = preSolution
		Debug|Any CPU = Debug|Any CPU
		Release|Any CPU = Release|Any CPU
	EndGlobalSection
	GlobalSection(ProjectConfigurationPlatforms) = postSolution
		{F8395875-52C3-4F04-9532-40BA07F7A312}.Debug|Any CPU.ActiveCfg = Debug|Any CPU
		{F8395875-52C3-4F04-9532-40BA07F7A312}.Debug|Any CPU.Build.0 = Debug|Any CPU
		{F8395875-52C3-4F04-9532-40BA07F7A312}.Release|Any CPU.ActiveCfg = Release|Any CPU
		{F8395875-52C3-4F04-9532-40BA07F7A312}.Release|Any CPU.Build.0 = Release|Any CPU
	EndGlobalSection
	GlobalSection(SolutionProperties) = preSolution
		HideSolutionNode = FALSE
	EndGlobalSection
	GlobalSection(ExtensibilityGlobals) = postSolution
		SolutionGuid = {B57F1552-82E0-4476-9CBB-E80E566A3AC3}
	EndGlobalSection
EndGlobal
